{
  "name": "typepark",
  "version": "0.2.0",
  "lockfileVersion": 1,
  "requires": true,
  "dependencies": {
    "typescript": {
      "version": "3.1.0-dev.20180921",
      "resolved": "https://registry.npmjs.org/typescript/-/typescript-3.1.0-dev.20180921.tgz",
      "integrity": "sha512-fTvNk94RiTAL9/KrOgIj97fmI5QyX8pY58U61m8GOpabyTuhlvwWJDeqcdKGdx1jL3nVQA6L50YZJSVqG6cWdw==",
      "dev": true
    }
  }
}
