{
  "name": "typelevel-list",
  "version": "1.0.0",
  "lockfileVersion": 1,
  "requires": true,
  "dependencies": {
    "typescript": {
      "version": "3.1.0-dev.20180906",
      "resolved": "https://registry.npmjs.org/typescript/-/typescript-3.1.0-dev.20180906.tgz",
      "integrity": "sha512-WnRnaTcZpsOY4HAf33n/yiv1T4ifylgrj2uO620M5KPmS5hwzGGjHxtT1vOP2tOgD2yrO9UvmhlSXE6ymYU+WA==",
      "dev": true
    }
  }
}
